
Microsoft Visual Studio Solution File, Format Version 12.00
# Visual Studio Version 17
VisualStudioVersion = 17.2.32526.322
MinimumVisualStudioVersion = 10.0.40219.1
Project("{9A19103F-16F7-4668-BE54-9A1E7A4F7556}") = "Bernardo - ENTPROG - OTIS1", "Bernardo - ENTPROG - OTIS1\Bernardo - ENTPROG - OTIS1.csproj", "{ADC9DEE2-DFAB-4D8A-BCD1-C50028A4073F}"
EndProject
Project("{9A19103F-16F7-4668-BE54-9A1E7A4F7556}") = "Suppliers.App", "Suppliers.App\Suppliers.App.csproj", "{9AFFD55D-DB88-4824-978B-E2DD7F7E3823}"
EndProject
Project("{FAE04EC0-301F-11D3-BF4B-00C04F79EFBC}") = "Generic.DataModel", "Generic.DataModel\Generic.DataModel.csproj", "{1D798807-C3BA-4F8F-B6B9-B2CBBBB7E169}"
EndProject
Global
	GlobalSection(SolutionConfigurationPlatforms) = preSolution
		Debug|Any CPU = Debug|Any CPU
		Release|Any CPU = Release|Any CPU
	EndGlobalSection
	GlobalSection(ProjectConfigurationPlatforms) = postSolution
		{ADC9DEE2-DFAB-4D8A-BCD1-C50028A4073F}.Debug|Any CPU.ActiveCfg = Debug|Any CPU
		{ADC9DEE2-DFAB-4D8A-BCD1-C50028A4073F}.Debug|Any CPU.Build.0 = Debug|Any CPU
		{ADC9DEE2-DFAB-4D8A-BCD1-C50028A4073F}.Release|Any CPU.ActiveCfg = Release|Any CPU
		{ADC9DEE2-DFAB-4D8A-BCD1-C50028A4073F}.Release|Any CPU.Build.0 = Release|Any CPU
		{9AFFD55D-DB88-4824-978B-E2DD7F7E3823}.Debug|Any CPU.ActiveCfg = Debug|Any CPU
		{9AFFD55D-DB88-4824-978B-E2DD7F7E3823}.Debug|Any CPU.Build.0 = Debug|Any CPU
		{9AFFD55D-DB88-4824-978B-E2DD7F7E3823}.Release|Any CPU.ActiveCfg = Release|Any CPU
		{9AFFD55D-DB88-4824-978B-E2DD7F7E3823}.Release|Any CPU.Build.0 = Release|Any CPU
		{1D798807-C3BA-4F8F-B6B9-B2CBBBB7E169}.Debug|Any CPU.ActiveCfg = Debug|Any CPU
		{1D798807-C3BA-4F8F-B6B9-B2CBBBB7E169}.Debug|Any CPU.Build.0 = Debug|Any CPU
		{1D798807-C3BA-4F8F-B6B9-B2CBBBB7E169}.Release|Any CPU.ActiveCfg = Release|Any CPU
		{1D798807-C3BA-4F8F-B6B9-B2CBBBB7E169}.Release|Any CPU.Build.0 = Release|Any CPU
	EndGlobalSection
	GlobalSection(SolutionProperties) = preSolution
		HideSolutionNode = FALSE
	EndGlobalSection
	GlobalSection(ExtensibilityGlobals) = postSolution
		SolutionGuid = {5044362C-0725-4F20-BAB7-64FFDB91ED75}
	EndGlobalSection
EndGlobal
