
Microsoft Visual Studio Solution File, Format Version 12.00
# Visual Studio Version 16
VisualStudioVersion = 16.0.31702.278
MinimumVisualStudioVersion = 10.0.40219.1
Project("{FAE04EC0-301F-11D3-BF4B-00C04F79EFBC}") = "FOTIS1B_Bernardo_DivRemLoop", "FOTIS1B_Bernardo_DivRemLoop.csproj", "{42E2EE0A-0723-43E9-A321-E42879D0DB72}"
EndProject
Global
	GlobalSection(SolutionConfigurationPlatforms) = preSolution
		Debug|Any CPU = Debug|Any CPU
		Release|Any CPU = Release|Any CPU
	EndGlobalSection
	GlobalSection(ProjectConfigurationPlatforms) = postSolution
		{42E2EE0A-0723-43E9-A321-E42879D0DB72}.Debug|Any CPU.ActiveCfg = Debug|Any CPU
		{42E2EE0A-0723-43E9-A321-E42879D0DB72}.Debug|Any CPU.Build.0 = Debug|Any CPU
		{42E2EE0A-0723-43E9-A321-E42879D0DB72}.Release|Any CPU.ActiveCfg = Release|Any CPU
		{42E2EE0A-0723-43E9-A321-E42879D0DB72}.Release|Any CPU.Build.0 = Release|Any CPU
	EndGlobalSection
	GlobalSection(SolutionProperties) = preSolution
		HideSolutionNode = FALSE
	EndGlobalSection
	GlobalSection(ExtensibilityGlobals) = postSolution
		SolutionGuid = {A94949B1-7BB6-4004-8E34-228DA9E5CDD5}
	EndGlobalSection
EndGlobal
