
Microsoft Visual Studio Solution File, Format Version 12.00
# Visual Studio Version 17
VisualStudioVersion = 17.2.32526.322
MinimumVisualStudioVersion = 10.0.40219.1
Project("{FAE04EC0-301F-11D3-BF4B-00C04F79EFBC}") = "Bernardo - Generic_List", "Bernardo - Generic_List\Bernardo - Generic_List.csproj", "{6F27FDE2-2723-48CB-A58C-66188A8F9459}"
EndProject
Global
	GlobalSection(SolutionConfigurationPlatforms) = preSolution
		Debug|Any CPU = Debug|Any CPU
		Release|Any CPU = Release|Any CPU
	EndGlobalSection
	GlobalSection(ProjectConfigurationPlatforms) = postSolution
		{6F27FDE2-2723-48CB-A58C-66188A8F9459}.Debug|Any CPU.ActiveCfg = Debug|Any CPU
		{6F27FDE2-2723-48CB-A58C-66188A8F9459}.Debug|Any CPU.Build.0 = Debug|Any CPU
		{6F27FDE2-2723-48CB-A58C-66188A8F9459}.Release|Any CPU.ActiveCfg = Release|Any CPU
		{6F27FDE2-2723-48CB-A58C-66188A8F9459}.Release|Any CPU.Build.0 = Release|Any CPU
	EndGlobalSection
	GlobalSection(SolutionProperties) = preSolution
		HideSolutionNode = FALSE
	EndGlobalSection
	GlobalSection(ExtensibilityGlobals) = postSolution
		SolutionGuid = {B905445B-C5BB-4B03-A0EB-313B1DA573A7}
	EndGlobalSection
EndGlobal
