
Microsoft Visual Studio Solution File, Format Version 12.00
# Visual Studio Version 16
VisualStudioVersion = 16.0.32106.194
MinimumVisualStudioVersion = 10.0.40219.1
Project("{FAE04EC0-301F-11D3-BF4B-00C04F79EFBC}") = "Final_Machine_Project", "Final_Machine_Project.csproj", "{F4BA6DB8-B62F-4625-B89E-9A382EB81F62}"
EndProject
Global
	GlobalSection(SolutionConfigurationPlatforms) = preSolution
		Debug|Any CPU = Debug|Any CPU
		Release|Any CPU = Release|Any CPU
	EndGlobalSection
	GlobalSection(ProjectConfigurationPlatforms) = postSolution
		{F4BA6DB8-B62F-4625-B89E-9A382EB81F62}.Debug|Any CPU.ActiveCfg = Debug|Any CPU
		{F4BA6DB8-B62F-4625-B89E-9A382EB81F62}.Debug|Any CPU.Build.0 = Debug|Any CPU
		{F4BA6DB8-B62F-4625-B89E-9A382EB81F62}.Release|Any CPU.ActiveCfg = Release|Any CPU
		{F4BA6DB8-B62F-4625-B89E-9A382EB81F62}.Release|Any CPU.Build.0 = Release|Any CPU
	EndGlobalSection
	GlobalSection(SolutionProperties) = preSolution
		HideSolutionNode = FALSE
	EndGlobalSection
	GlobalSection(ExtensibilityGlobals) = postSolution
		SolutionGuid = {75AB704F-9FBB-4977-9F8D-F3E0243D7CE0}
	EndGlobalSection
EndGlobal
