
Microsoft Visual Studio Solution File, Format Version 12.00
# Visual Studio Version 16
VisualStudioVersion = 16.0.32106.194
MinimumVisualStudioVersion = 10.0.40219.1
Project("{FAE04EC0-301F-11D3-BF4B-00C04F79EFBC}") = "Bernardo - 3 Layer Application", "Bernardo - 3 Layer Application.csproj", "{826494C3-5371-4FAD-8AFD-05BC8D6EF4A7}"
EndProject
Global
	GlobalSection(SolutionConfigurationPlatforms) = preSolution
		Debug|Any CPU = Debug|Any CPU
		Release|Any CPU = Release|Any CPU
	EndGlobalSection
	GlobalSection(ProjectConfigurationPlatforms) = postSolution
		{826494C3-5371-4FAD-8AFD-05BC8D6EF4A7}.Debug|Any CPU.ActiveCfg = Debug|Any CPU
		{826494C3-5371-4FAD-8AFD-05BC8D6EF4A7}.Debug|Any CPU.Build.0 = Debug|Any CPU
		{826494C3-5371-4FAD-8AFD-05BC8D6EF4A7}.Release|Any CPU.ActiveCfg = Release|Any CPU
		{826494C3-5371-4FAD-8AFD-05BC8D6EF4A7}.Release|Any CPU.Build.0 = Release|Any CPU
	EndGlobalSection
	GlobalSection(SolutionProperties) = preSolution
		HideSolutionNode = FALSE
	EndGlobalSection
	GlobalSection(ExtensibilityGlobals) = postSolution
		SolutionGuid = {5A0593AC-8FA4-450F-9169-B7B255434470}
	EndGlobalSection
EndGlobal
