
Microsoft Visual Studio Solution File, Format Version 12.00
# Visual Studio Version 16
VisualStudioVersion = 16.0.32106.194
MinimumVisualStudioVersion = 10.0.40219.1
Project("{FAE04EC0-301F-11D3-BF4B-00C04F79EFBC}") = "Bernardo_Madayag_MMP", "Bernardo_Madayag_MMP.csproj", "{053DE2B3-A3FA-4229-949B-E18F398DCFA7}"
EndProject
Global
	GlobalSection(SolutionConfigurationPlatforms) = preSolution
		Debug|Any CPU = Debug|Any CPU
		Release|Any CPU = Release|Any CPU
	EndGlobalSection
	GlobalSection(ProjectConfigurationPlatforms) = postSolution
		{053DE2B3-A3FA-4229-949B-E18F398DCFA7}.Debug|Any CPU.ActiveCfg = Debug|Any CPU
		{053DE2B3-A3FA-4229-949B-E18F398DCFA7}.Debug|Any CPU.Build.0 = Debug|Any CPU
		{053DE2B3-A3FA-4229-949B-E18F398DCFA7}.Release|Any CPU.ActiveCfg = Release|Any CPU
		{053DE2B3-A3FA-4229-949B-E18F398DCFA7}.Release|Any CPU.Build.0 = Release|Any CPU
	EndGlobalSection
	GlobalSection(SolutionProperties) = preSolution
		HideSolutionNode = FALSE
	EndGlobalSection
	GlobalSection(ExtensibilityGlobals) = postSolution
		SolutionGuid = {DE2DABFC-24F1-4F63-94B3-D001C7EDD3A2}
	EndGlobalSection
EndGlobal
